<?xml version="1.0" encoding="utf-8"?>
<Project ToolsVersion="4.0" xmlns="http://schemas.microsoft.com/developer/msbuild/2003">
  <ItemGroup>
    <Filter Include="Quelldateien">
      <UniqueIdentifier>{4FC737F1-C7A5-4376-A066-2A32D752A2FF}</UniqueIdentifier>
      <Extensions>cpp;c;cc;cxx;def;odl;idl;hpj;bat;asm;asmx</Extensions>
    </Filter>
    <Filter Include="Headerdateien">
      <UniqueIdentifier>{93995380-89BD-4b04-88EB-625FBE52EBFB}</UniqueIdentifier>
      <Extensions>h;hpp;hxx;hm;inl;inc;xsd</Extensions>
    </Filter>
    <Filter Include="Ressourcendateien">
      <UniqueIdentifier>{67DA6AB6-F800-4c08-8B7A-83BB121AAD01}</UniqueIdentifier>
      <Extensions>rc;ico;cur;bmp;dlg;rc2;rct;bin;rgs;gif;jpg;jpeg;jpe;resx;tiff;tif;png;wav;mfcribbon-ms</Extensions>
    </Filter>
    <Filter Include="3rdParty">
      <UniqueIdentifier>{c72b4505-2a84-423a-ba5c-4177354cd663}</UniqueIdentifier>
    </Filter>
    <Filter Include="3rdParty\Dyncall">
      <UniqueIdentifier>{9dcee5aa-3d6a-4e5f-b88f-448570f1d831}</UniqueIdentifier>
    </Filter>
    <Filter Include="3rdParty\Dynload">
      <UniqueIdentifier>{22fdd497-a89f-43fe-add1-0dbde701b97f}</UniqueIdentifier>
    </Filter>
    <Filter Include="3rdParty\Chaiscript">
      <UniqueIdentifier>{d1c9638f-7fc5-4e55-83a8-5ef4a667a6fc}</UniqueIdentifier>
    </Filter>
  </ItemGroup>
  <ItemGroup>
    <ClCompile Include="funCallObj.cpp">
      <Filter>Quelldateien</Filter>
    </ClCompile>
    <ClCompile Include="..\dyncall\dyncall_callf.c">
      <Filter>3rdParty\Dyncall</Filter>
    </ClCompile>
    <ClCompile Include="..\dyncall\dyncall_callvm.c">
      <Filter>3rdParty\Dyncall</Filter>
    </ClCompile>
    <ClCompile Include="..\dyncall\dyncall_struct.c">
      <Filter>3rdParty\Dyncall</Filter>
    </ClCompile>
    <ClCompile Include="..\dyncall\dyncall_vector.c">
      <Filter>3rdParty\Dyncall</Filter>
    </ClCompile>
    <ClCompile Include="..\dyncall\dyncall_api.c">
      <Filter>3rdParty\Dyncall</Filter>
    </ClCompile>
    <ClCompile Include="..\dynload\dynload_syms_pe.c">
      <Filter>3rdParty\Dynload</Filter>
    </ClCompile>
    <ClCompile Include="..\dynload\dynload.c">
      <Filter>3rdParty\Dynload</Filter>
    </ClCompile>
    <ClCompile Include="lscript.cpp">
      <Filter>Quelldateien</Filter>
    </ClCompile>
    <ClCompile Include="..\dyncall\dyncall_callvm_base.c">
      <Filter>3rdParty\Dyncall</Filter>
    </ClCompile>
    <ClCompile Include="callGate.cpp">
      <Filter>Quelldateien</Filter>
    </ClCompile>
  </ItemGroup>
  <ItemGroup>
    <ClInclude Include="funCallObj.h">
      <Filter>Quelldateien</Filter>
    </ClInclude>
    <ClInclude Include="..\dyncall\dyncall_call_x86.h">
      <Filter>3rdParty\Dyncall</Filter>
    </ClInclude>
    <ClInclude Include="..\dyncall\dyncall_callf.h">
      <Filter>3rdParty\Dyncall</Filter>
    </ClInclude>
    <ClInclude Include="..\dyncall\dyncall_callvm.h">
      <Filter>3rdParty\Dyncall</Filter>
    </ClInclude>
    <ClInclude Include="..\dyncall\dyncall_config.h">
      <Filter>3rdParty\Dyncall</Filter>
    </ClInclude>
    <ClInclude Include="..\dyncall\dyncall_macros.h">
      <Filter>3rdParty\Dyncall</Filter>
    </ClInclude>
    <ClInclude Include="..\dyncall\dyncall_signature.h">
      <Filter>3rdParty\Dyncall</Filter>
    </ClInclude>
    <ClInclude Include="..\dyncall\dyncall_struct.h">
      <Filter>3rdParty\Dyncall</Filter>
    </ClInclude>
    <ClInclude Include="..\dyncall\dyncall_types.h">
      <Filter>3rdParty\Dyncall</Filter>
    </ClInclude>
    <ClInclude Include="..\dyncall\dyncall_utils.h">
      <Filter>3rdParty\Dyncall</Filter>
    </ClInclude>
    <ClInclude Include="..\dyncall\dyncall_value.h">
      <Filter>3rdParty\Dyncall</Filter>
    </ClInclude>
    <ClInclude Include="..\dyncall\dyncall_vector.h">
      <Filter>3rdParty\Dyncall</Filter>
    </ClInclude>
    <ClInclude Include="..\dyncall\dyncall.h">
      <Filter>3rdParty\Dyncall</Filter>
    </ClInclude>
    <ClInclude Include="..\dyncall\dyncall_alloc.h">
      <Filter>3rdParty\Dyncall</Filter>
    </ClInclude>
    <ClInclude Include="..\dynload\dynload.h">
      <Filter>3rdParty\Dynload</Filter>
    </ClInclude>
    <ClInclude Include="..\dynload\dynload_alloc.h">
      <Filter>3rdParty\Dynload</Filter>
    </ClInclude>
    <ClInclude Include="..\ChaiScript\include\chaiscript\chaiscript.hpp">
      <Filter>3rdParty\Chaiscript</Filter>
    </ClInclude>
    <ClInclude Include="..\ChaiScript\include\chaiscript\chaiscript_defines.hpp">
      <Filter>3rdParty\Chaiscript</Filter>
    </ClInclude>
    <ClInclude Include="..\ChaiScript\include\chaiscript\chaiscript_stdlib.hpp">
      <Filter>3rdParty\Chaiscript</Filter>
    </ClInclude>
    <ClInclude Include="..\ChaiScript\include\chaiscript\chaiscript_threading.hpp">
      <Filter>3rdParty\Chaiscript</Filter>
    </ClInclude>
    <ClInclude Include="callGate.h">
      <Filter>Quelldateien</Filter>
    </ClInclude>
  </ItemGroup>
  <ItemGroup>
    <None Include="..\dyncall\dyncall_call.S">
      <Filter>3rdParty\Dyncall</Filter>
    </None>
  </ItemGroup>
  <ItemGroup>
    <MASM Include="..\dyncall\dyncall_call_x86_generic_masm.asm">
      <Filter>3rdParty\Dyncall</Filter>
    </MASM>
  </ItemGroup>
</Project>